
Microsoft Visual Studio Solution File, Format Version 11.00
# Visual Studio 2010
# SharpDevelop 5.1
Project("{FAE04EC0-301F-11D3-BF4B-00C04F79EFBC}") = "Shop Management System", "Shop Management System\Shop Management System.csproj", "{5E28BC94-0A2E-46DB-8FCB-D0FE8D970120}"
EndProject
Global
	GlobalSection(SolutionConfigurationPlatforms) = preSolution
		Debug|Any CPU = Debug|Any CPU
		Release|Any CPU = Release|Any CPU
	EndGlobalSection
	GlobalSection(ProjectConfigurationPlatforms) = postSolution
		{5E28BC94-0A2E-46DB-8FCB-D0FE8D970120}.Debug|Any CPU.ActiveCfg = Debug|Any CPU
		{5E28BC94-0A2E-46DB-8FCB-D0FE8D970120}.Debug|Any CPU.Build.0 = Debug|Any CPU
		{5E28BC94-0A2E-46DB-8FCB-D0FE8D970120}.Release|Any CPU.ActiveCfg = Release|Any CPU
		{5E28BC94-0A2E-46DB-8FCB-D0FE8D970120}.Release|Any CPU.Build.0 = Release|Any CPU
	EndGlobalSection
EndGlobal
